// !$*UTF8*$!
{
	archiveVersion = 1;
	classes = {
	};
	objectVersion = 56;
	objects = {

/* Begin PBXBuildFile section */
		9C135EF753C4F3AAE68765BA /* Pods_Sensic_Bitmovin_Cocoapods_Example.framework in Frameworks */ = {isa = PBXBuildFile; fileRef = A87310785DD974D79EF82AE8 /* Pods_Sensic_Bitmovin_Cocoapods_Example.framework */; };
		B392CC362C3C060E004A157A /* AppDelegate.swift in Sources */ = {isa = PBXBuildFile; fileRef = B392CC352C3C060E004A157A /* AppDelegate.swift */; };
		B392CC382C3C060E004A157A /* SceneDelegate.swift in Sources */ = {isa = PBXBuildFile; fileRef = B392CC372C3C060E004A157A /* SceneDelegate.swift */; };
		B392CC3A2C3C060E004A157A /* ViewController.swift in Sources */ = {isa = PBXBuildFile; fileRef = B392CC392C3C060E004A157A /* ViewController.swift */; };
		B392CC3D2C3C060E004A157A /* Base in Resources */ = {isa = PBXBuildFile; fileRef = B392CC3C2C3C060E004A157A /* Base */; };
		B392CC3F2C3C060F004A157A /* Assets.xcassets in Resources */ = {isa = PBXBuildFile; fileRef = B392CC3E2C3C060F004A157A /* Assets.xcassets */; };
		B392CC422C3C060F004A157A /* Base in Resources */ = {isa = PBXBuildFile; fileRef = B392CC412C3C060F004A157A /* Base */; };
/* End PBXBuildFile section */

/* Begin PBXFileReference section */
		38928D58DAD819012F243CC8 /* Pods-Sensic-Bitmovin-Cocoapods-Example.release.xcconfig */ = {isa = PBXFileReference; includeInIndex = 1; lastKnownFileType = text.xcconfig; name = "Pods-Sensic-Bitmovin-Cocoapods-Example.release.xcconfig"; path = "Target Support Files/Pods-Sensic-Bitmovin-Cocoapods-Example/Pods-Sensic-Bitmovin-Cocoapods-Example.release.xcconfig"; sourceTree = "<group>"; };
		A87310785DD974D79EF82AE8 /* Pods_Sensic_Bitmovin_Cocoapods_Example.framework */ = {isa = PBXFileReference; explicitFileType = wrapper.framework; includeInIndex = 0; path = Pods_Sensic_Bitmovin_Cocoapods_Example.framework; sourceTree = BUILT_PRODUCTS_DIR; };
		B392CC322C3C060E004A157A /* Sensic-Bitmovin-Cocoapods-Example.app */ = {isa = PBXFileReference; explicitFileType = wrapper.application; includeInIndex = 0; path = "Sensic-Bitmovin-Cocoapods-Example.app"; sourceTree = BUILT_PRODUCTS_DIR; };
		B392CC352C3C060E004A157A /* AppDelegate.swift */ = {isa = PBXFileReference; lastKnownFileType = sourcecode.swift; path = AppDelegate.swift; sourceTree = "<group>"; };
		B392CC372C3C060E004A157A /* SceneDelegate.swift */ = {isa = PBXFileReference; lastKnownFileType = sourcecode.swift; path = SceneDelegate.swift; sourceTree = "<group>"; };
		B392CC392C3C060E004A157A /* ViewController.swift */ = {isa = PBXFileReference; lastKnownFileType = sourcecode.swift; path = ViewController.swift; sourceTree = "<group>"; };
		B392CC3C2C3C060E004A157A /* Base */ = {isa = PBXFileReference; lastKnownFileType = file.storyboard; name = Base; path = Base.lproj/Main.storyboard; sourceTree = "<group>"; };
		B392CC3E2C3C060F004A157A /* Assets.xcassets */ = {isa = PBXFileReference; lastKnownFileType = folder.assetcatalog; path = Assets.xcassets; sourceTree = "<group>"; };
		B392CC412C3C060F004A157A /* Base */ = {isa = PBXFileReference; lastKnownFileType = file.storyboard; name = Base; path = Base.lproj/LaunchScreen.storyboard; sourceTree = "<group>"; };
		B392CC432C3C060F004A157A /* Info.plist */ = {isa = PBXFileReference; lastKnownFileType = text.plist.xml; path = Info.plist; sourceTree = "<group>"; };
		D16C75C9C7C202757CB4777B /* Pods-Sensic-Bitmovin-Cocoapods-Example.debug.xcconfig */ = {isa = PBXFileReference; includeInIndex = 1; lastKnownFileType = text.xcconfig; name = "Pods-Sensic-Bitmovin-Cocoapods-Example.debug.xcconfig"; path = "Target Support Files/Pods-Sensic-Bitmovin-Cocoapods-Example/Pods-Sensic-Bitmovin-Cocoapods-Example.debug.xcconfig"; sourceTree = "<group>"; };
/* End PBXFileReference section */

/* Begin PBXFrameworksBuildPhase section */
		B392CC2F2C3C060E004A157A /* Frameworks */ = {
			isa = PBXFrameworksBuildPhase;
			buildActionMask = 2147483647;
			files = (
				9C135EF753C4F3AAE68765BA /* Pods_Sensic_Bitmovin_Cocoapods_Example.framework in Frameworks */,
			);
			runOnlyForDeploymentPostprocessing = 0;
		};
/* End PBXFrameworksBuildPhase section */

/* Begin PBXGroup section */
		116EEB43190A1F1DBA300FDD /* Pods */ = {
			isa = PBXGroup;
			children = (
				D16C75C9C7C202757CB4777B /* Pods-Sensic-Bitmovin-Cocoapods-Example.debug.xcconfig */,
				38928D58DAD819012F243CC8 /* Pods-Sensic-Bitmovin-Cocoapods-Example.release.xcconfig */,
			);
			path = Pods;
			sourceTree = "<group>";
		};
		57B1BC4407B9A0638C016DDE /* Frameworks */ = {
			isa = PBXGroup;
			children = (
				A87310785DD974D79EF82AE8 /* Pods_Sensic_Bitmovin_Cocoapods_Example.framework */,
			);
			name = Frameworks;
			sourceTree = "<group>";
		};
		B392CC292C3C060E004A157A = {
			isa = PBXGroup;
			children = (
				B392CC342C3C060E004A157A /* Sensic-Bitmovin-Cocoapods-Example */,
				B392CC332C3C060E004A157A /* Products */,
				116EEB43190A1F1DBA300FDD /* Pods */,
				57B1BC4407B9A0638C016DDE /* Frameworks */,
			);
			sourceTree = "<group>";
		};
		B392CC332C3C060E004A157A /* Products */ = {
			isa = PBXGroup;
			children = (
				B392CC322C3C060E004A157A /* Sensic-Bitmovin-Cocoapods-Example.app */,
			);
			name = Products;
			sourceTree = "<group>";
		};
		B392CC342C3C060E004A157A /* Sensic-Bitmovin-Cocoapods-Example */ = {
			isa = PBXGroup;
			children = (
				B392CC352C3C060E004A157A /* AppDelegate.swift */,
				B392CC372C3C060E004A157A /* SceneDelegate.swift */,
				B392CC392C3C060E004A157A /* ViewController.swift */,
				B392CC3B2C3C060E004A157A /* Main.storyboard */,
				B392CC3E2C3C060F004A157A /* Assets.xcassets */,
				B392CC402C3C060F004A157A /* LaunchScreen.storyboard */,
				B392CC432C3C060F004A157A /* Info.plist */,
			);
			path = "Sensic-Bitmovin-Cocoapods-Example";
			sourceTree = "<group>";
		};
/* End PBXGroup section */

/* Begin PBXNativeTarget section */
		B392CC312C3C060E004A157A /* Sensic-Bitmovin-Cocoapods-Example */ = {
			isa = PBXNativeTarget;
			buildConfigurationList = B392CC462C3C060F004A157A /* Build configuration list for PBXNativeTarget "Sensic-Bitmovin-Cocoapods-Example" */;
			buildPhases = (
				29994C6AFC8276C635243695 /* [CP] Check Pods Manifest.lock */,
				B392CC2E2C3C060E004A157A /* Sources */,
				B392CC2F2C3C060E004A157A /* Frameworks */,
				B392CC302C3C060E004A157A /* Resources */,
				4B4DAE368612FABEEEB061BA /* [CP] Embed Pods Frameworks */,
			);
			buildRules = (
			);
			dependencies = (
			);
			name = "Sensic-Bitmovin-Cocoapods-Example";
			productName = "Sensic-Bitmovin-Cocoapods-Example";
			productReference = B392CC322C3C060E004A157A /* Sensic-Bitmovin-Cocoapods-Example.app */;
			productType = "com.apple.product-type.application";
		};
/* End PBXNativeTarget section */

/* Begin PBXProject section */
		B392CC2A2C3C060E004A157A /* Project object */ = {
			isa = PBXProject;
			attributes = {
				BuildIndependentTargetsInParallel = 1;
				LastSwiftUpdateCheck = 1540;
				LastUpgradeCheck = 1540;
				TargetAttributes = {
					B392CC312C3C060E004A157A = {
						CreatedOnToolsVersion = 15.4;
					};
				};
			};
			buildConfigurationList = B392CC2D2C3C060E004A157A /* Build configuration list for PBXProject "Sensic-Bitmovin-Cocoapods-Example" */;
			compatibilityVersion = "Xcode 14.0";
			developmentRegion = en;
			hasScannedForEncodings = 0;
			knownRegions = (
				en,
				Base,
			);
			mainGroup = B392CC292C3C060E004A157A;
			productRefGroup = B392CC332C3C060E004A157A /* Products */;
			projectDirPath = "";
			projectRoot = "";
			targets = (
				B392CC312C3C060E004A157A /* Sensic-Bitmovin-Cocoapods-Example */,
			);
		};
/* End PBXProject section */

/* Begin PBXResourcesBuildPhase section */
		B392CC302C3C060E004A157A /* Resources */ = {
			isa = PBXResourcesBuildPhase;
			buildActionMask = 2147483647;
			files = (
				B392CC3F2C3C060F004A157A /* Assets.xcassets in Resources */,
				B392CC422C3C060F004A157A /* Base in Resources */,
				B392CC3D2C3C060E004A157A /* Base in Resources */,
			);
			runOnlyForDeploymentPostprocessing = 0;
		};
/* End PBXResourcesBuildPhase section */

/* Begin PBXShellScriptBuildPhase section */
		29994C6AFC8276C635243695 /* [CP] Check Pods Manifest.lock */ = {
			isa = PBXShellScriptBuildPhase;
			buildActionMask = 2147483647;
			files = (
			);
			inputFileListPaths = (
			);
			inputPaths = (
				"${PODS_PODFILE_DIR_PATH}/Podfile.lock",
				"${PODS_ROOT}/Manifest.lock",
			);
			name = "[CP] Check Pods Manifest.lock";
			outputFileListPaths = (
			);
			outputPaths = (
				"$(DERIVED_FILE_DIR)/Pods-Sensic-Bitmovin-Cocoapods-Example-checkManifestLockResult.txt",
			);
			runOnlyForDeploymentPostprocessing = 0;
			shellPath = /bin/sh;
			shellScript = "diff \"${PODS_PODFILE_DIR_PATH}/Podfile.lock\" \"${PODS_ROOT}/Manifest.lock\" > /dev/null\nif [ $? != 0 ] ; then\n    # print error to STDERR\n    echo \"error: The sandbox is not in sync with the Podfile.lock. Run 'pod install' or update your CocoaPods installation.\" >&2\n    exit 1\nfi\n# This output is used by Xcode 'outputs' to avoid re-running this script phase.\necho \"SUCCESS\" > \"${SCRIPT_OUTPUT_FILE_0}\"\n";
			showEnvVarsInLog = 0;
		};
		4B4DAE368612FABEEEB061BA /* [CP] Embed Pods Frameworks */ = {
			isa = PBXShellScriptBuildPhase;
			buildActionMask = 2147483647;
			files = (
			);
			inputFileListPaths = (
				"${PODS_ROOT}/Target Support Files/Pods-Sensic-Bitmovin-Cocoapods-Example/Pods-Sensic-Bitmovin-Cocoapods-Example-frameworks-${CONFIGURATION}-input-files.xcfilelist",
			);
			name = "[CP] Embed Pods Frameworks";
			outputFileListPaths = (
				"${PODS_ROOT}/Target Support Files/Pods-Sensic-Bitmovin-Cocoapods-Example/Pods-Sensic-Bitmovin-Cocoapods-Example-frameworks-${CONFIGURATION}-output-files.xcfilelist",
			);
			runOnlyForDeploymentPostprocessing = 0;
			shellPath = /bin/sh;
			shellScript = "\"${PODS_ROOT}/Target Support Files/Pods-Sensic-Bitmovin-Cocoapods-Example/Pods-Sensic-Bitmovin-Cocoapods-Example-frameworks.sh\"\n";
			showEnvVarsInLog = 0;
		};
/* End PBXShellScriptBuildPhase section */

/* Begin PBXSourcesBuildPhase section */
		B392CC2E2C3C060E004A157A /* Sources */ = {
			isa = PBXSourcesBuildPhase;
			buildActionMask = 2147483647;
			files = (
				B392CC3A2C3C060E004A157A /* ViewController.swift in Sources */,
				B392CC362C3C060E004A157A /* AppDelegate.swift in Sources */,
				B392CC382C3C060E004A157A /* SceneDelegate.swift in Sources */,
			);
			runOnlyForDeploymentPostprocessing = 0;
		};
/* End PBXSourcesBuildPhase section */

/* Begin PBXVariantGroup section */
		B392CC3B2C3C060E004A157A /* Main.storyboard */ = {
			isa = PBXVariantGroup;
			children = (
				B392CC3C2C3C060E004A157A /* Base */,
			);
			name = Main.storyboard;
			sourceTree = "<group>";
		};
		B392CC402C3C060F004A157A /* LaunchScreen.storyboard */ = {
			isa = PBXVariantGroup;
			children = (
				B392CC412C3C060F004A157A /* Base */,
			);
			name = LaunchScreen.storyboard;
			sourceTree = "<group>";
		};
/* End PBXVariantGroup section */

/* Begin XCBuildConfiguration section */
		B392CC442C3C060F004A157A /* Debug */ = {
			isa = XCBuildConfiguration;
			buildSettings = {
				ALWAYS_SEARCH_USER_PATHS = NO;
				ASSETCATALOG_COMPILER_GENERATE_SWIFT_ASSET_SYMBOL_EXTENSIONS = YES;
				CLANG_ANALYZER_NONNULL = YES;
				CLANG_ANALYZER_NUMBER_OBJECT_CONVERSION = YES_AGGRESSIVE;
				CLANG_CXX_LANGUAGE_STANDARD = "gnu++20";
				CLANG_ENABLE_MODULES = YES;
				CLANG_ENABLE_OBJC_ARC = YES;
				CLANG_ENABLE_OBJC_WEAK = YES;
				CLANG_WARN_BLOCK_CAPTURE_AUTORELEASING = YES;
				CLANG_WARN_BOOL_CONVERSION = YES;
				CLANG_WARN_COMMA = YES;
				CLANG_WARN_CONSTANT_CONVERSION = YES;
				CLANG_WARN_DEPRECATED_OBJC_IMPLEMENTATIONS = YES;
				CLANG_WARN_DIRECT_OBJC_ISA_USAGE = YES_ERROR;
				CLANG_WARN_DOCUMENTATION_COMMENTS = YES;
				CLANG_WARN_EMPTY_BODY = YES;
				CLANG_WARN_ENUM_CONVERSION = YES;
				CLANG_WARN_INFINITE_RECURSION = YES;
				CLANG_WARN_INT_CONVERSION = YES;
				CLANG_WARN_NON_LITERAL_NULL_CONVERSION = YES;
				CLANG_WARN_OBJC_IMPLICIT_RETAIN_SELF = YES;
				CLANG_WARN_OBJC_LITERAL_CONVERSION = YES;
				CLANG_WARN_OBJC_ROOT_CLASS = YES_ERROR;
				CLANG_WARN_QUOTED_INCLUDE_IN_FRAMEWORK_HEADER = YES;
				CLANG_WARN_RANGE_LOOP_ANALYSIS = YES;
				CLANG_WARN_STRICT_PROTOTYPES = YES;
				CLANG_WARN_SUSPICIOUS_MOVE = YES;
				CLANG_WARN_UNGUARDED_AVAILABILITY = YES_AGGRESSIVE;
				CLANG_WARN_UNREACHABLE_CODE = YES;
				CLANG_WARN__DUPLICATE_METHOD_MATCH = YES;
				COPY_PHASE_STRIP = NO;
				DEBUG_INFORMATION_FORMAT = dwarf;
				ENABLE_STRICT_OBJC_MSGSEND = YES;
				ENABLE_TESTABILITY = YES;
				GCC_C_LANGUAGE_STANDARD = gnu17;
				GCC_DYNAMIC_NO_PIC = NO;
				GCC_NO_COMMON_BLOCKS = YES;
				GCC_OPTIMIZATION_LEVEL = 0;
				GCC_PREPROCESSOR_DEFINITIONS = (
					"DEBUG=1",
					"$(inherited)",
				);
				GCC_WARN_64_TO_32_BIT_CONVERSION = YES;
				GCC_WARN_ABOUT_RETURN_TYPE = YES_ERROR;
				GCC_WARN_UNDECLARED_SELECTOR = YES;
				GCC_WARN_UNINITIALIZED_AUTOS = YES_AGGRESSIVE;
				GCC_WARN_UNUSED_FUNCTION = YES;
				GCC_WARN_UNUSED_VARIABLE = YES;
				IPHONEOS_DEPLOYMENT_TARGET = 17.5;
				LOCALIZATION_PREFERS_STRING_CATALOGS = YES;
				MTL_ENABLE_DEBUG_INFO = INCLUDE_SOURCE;
				MTL_FAST_MATH = YES;
				ONLY_ACTIVE_ARCH = YES;
				SDKROOT = iphoneos;
				SWIFT_ACTIVE_COMPILATION_CONDITIONS = "DEBUG $(inherited)";
				SWIFT_OPTIMIZATION_LEVEL = "-Onone";
			};
			name = Debug;
		};
		B392CC452C3C060F004A157A /* Release */ = {
			isa = XCBuildConfiguration;
			buildSettings = {
				ALWAYS_SEARCH_USER_PATHS = NO;
				ASSETCATALOG_COMPILER_GENERATE_SWIFT_ASSET_SYMBOL_EXTENSIONS = YES;
				CLANG_ANALYZER_NONNULL = YES;
				CLANG_ANALYZER_NUMBER_OBJECT_CONVERSION = YES_AGGRESSIVE;
				CLANG_CXX_LANGUAGE_STANDARD = "gnu++20";
				CLANG_ENABLE_MODULES = YES;
				CLANG_ENABLE_OBJC_ARC = YES;
				CLANG_ENABLE_OBJC_WEAK = YES;
				CLANG_WARN_BLOCK_CAPTURE_AUTORELEASING = YES;
				CLANG_WARN_BOOL_CONVERSION = YES;
				CLANG_WARN_COMMA = YES;
				CLANG_WARN_CONSTANT_CONVERSION = YES;
				CLANG_WARN_DEPRECATED_OBJC_IMPLEMENTATIONS = YES;
				CLANG_WARN_DIRECT_OBJC_ISA_USAGE = YES_ERROR;
				CLANG_WARN_DOCUMENTATION_COMMENTS = YES;
				CLANG_WARN_EMPTY_BODY = YES;
				CLANG_WARN_ENUM_CONVERSION = YES;
				CLANG_WARN_INFINITE_RECURSION = YES;
				CLANG_WARN_INT_CONVERSION = YES;
				CLANG_WARN_NON_LITERAL_NULL_CONVERSION = YES;
				CLANG_WARN_OBJC_IMPLICIT_RETAIN_SELF = YES;
				CLANG_WARN_OBJC_LITERAL_CONVERSION = YES;
				CLANG_WARN_OBJC_ROOT_CLASS = YES_ERROR;
				CLANG_WARN_QUOTED_INCLUDE_IN_FRAMEWORK_HEADER = YES;
				CLANG_WARN_RANGE_LOOP_ANALYSIS = YES;
				CLANG_WARN_STRICT_PROTOTYPES = YES;
				CLANG_WARN_SUSPICIOUS_MOVE = YES;
				CLANG_WARN_UNGUARDED_AVAILABILITY = YES_AGGRESSIVE;
				CLANG_WARN_UNREACHABLE_CODE = YES;
				CLANG_WARN__DUPLICATE_METHOD_MATCH = YES;
				COPY_PHASE_STRIP = NO;
				DEBUG_INFORMATION_FORMAT = "dwarf-with-dsym";
				ENABLE_NS_ASSERTIONS = NO;
				ENABLE_STRICT_OBJC_MSGSEND = YES;
				GCC_C_LANGUAGE_STANDARD = gnu17;
				GCC_NO_COMMON_BLOCKS = YES;
				GCC_WARN_64_TO_32_BIT_CONVERSION = YES;
				GCC_WARN_ABOUT_RETURN_TYPE = YES_ERROR;
				GCC_WARN_UNDECLARED_SELECTOR = YES;
				GCC_WARN_UNINITIALIZED_AUTOS = YES_AGGRESSIVE;
				GCC_WARN_UNUSED_FUNCTION = YES;
				GCC_WARN_UNUSED_VARIABLE = YES;
				IPHONEOS_DEPLOYMENT_TARGET = 17.5;
				LOCALIZATION_PREFERS_STRING_CATALOGS = YES;
				MTL_ENABLE_DEBUG_INFO = NO;
				MTL_FAST_MATH = YES;
				SDKROOT = iphoneos;
				SWIFT_COMPILATION_MODE = wholemodule;
				VALIDATE_PRODUCT = YES;
			};
			name = Release;
		};
		B392CC472C3C060F004A157A /* Debug */ = {
			isa = XCBuildConfiguration;
			baseConfigurationReference = D16C75C9C7C202757CB4777B /* Pods-Sensic-Bitmovin-Cocoapods-Example.debug.xcconfig */;
			buildSettings = {
				ASSETCATALOG_COMPILER_APPICON_NAME = AppIcon;
				ASSETCATALOG_COMPILER_GLOBAL_ACCENT_COLOR_NAME = AccentColor;
				CODE_SIGN_STYLE = Automatic;
				CURRENT_PROJECT_VERSION = 1;
				GENERATE_INFOPLIST_FILE = YES;
				INFOPLIST_FILE = "Sensic-Bitmovin-Cocoapods-Example/Info.plist";
				INFOPLIST_KEY_UIApplicationSupportsIndirectInputEvents = YES;
				INFOPLIST_KEY_UILaunchStoryboardName = LaunchScreen;
				INFOPLIST_KEY_UIMainStoryboardFile = Main;
				INFOPLIST_KEY_UISupportedInterfaceOrientations_iPad = "UIInterfaceOrientationPortrait UIInterfaceOrientationPortraitUpsideDown UIInterfaceOrientationLandscapeLeft UIInterfaceOrientationLandscapeRight";
				INFOPLIST_KEY_UISupportedInterfaceOrientations_iPhone = "UIInterfaceOrientationPortrait UIInterfaceOrientationLandscapeLeft UIInterfaceOrientationLandscapeRight";
				LD_RUNPATH_SEARCH_PATHS = (
					"$(inherited)",
					"@executable_path/Frameworks",
				);
				MARKETING_VERSION = 1.0;
				PRODUCT_BUNDLE_IDENTIFIER = "at.orf.Sensic-Bitmovin-Cocoapods-Example";
				PRODUCT_NAME = "$(TARGET_NAME)";
				SWIFT_EMIT_LOC_STRINGS = YES;
				SWIFT_VERSION = 5.0;
				TARGETED_DEVICE_FAMILY = "1,2";
			};
			name = Debug;
		};
		B392CC482C3C060F004A157A /* Release */ = {
			isa = XCBuildConfiguration;
			baseConfigurationReference = 38928D58DAD819012F243CC8 /* Pods-Sensic-Bitmovin-Cocoapods-Example.release.xcconfig */;
			buildSettings = {
				ASSETCATALOG_COMPILER_APPICON_NAME = AppIcon;
				ASSETCATALOG_COMPILER_GLOBAL_ACCENT_COLOR_NAME = AccentColor;
				CODE_SIGN_STYLE = Automatic;
				CURRENT_PROJECT_VERSION = 1;
				GENERATE_INFOPLIST_FILE = YES;
				INFOPLIST_FILE = "Sensic-Bitmovin-Cocoapods-Example/Info.plist";
				INFOPLIST_KEY_UIApplicationSupportsIndirectInputEvents = YES;
				INFOPLIST_KEY_UILaunchStoryboardName = LaunchScreen;
				INFOPLIST_KEY_UIMainStoryboardFile = Main;
				INFOPLIST_KEY_UISupportedInterfaceOrientations_iPad = "UIInterfaceOrientationPortrait UIInterfaceOrientationPortraitUpsideDown UIInterfaceOrientationLandscapeLeft UIInterfaceOrientationLandscapeRight";
				INFOPLIST_KEY_UISupportedInterfaceOrientations_iPhone = "UIInterfaceOrientationPortrait UIInterfaceOrientationLandscapeLeft UIInterfaceOrientationLandscapeRight";
				LD_RUNPATH_SEARCH_PATHS = (
					"$(inherited)",
					"@executable_path/Frameworks",
				);
				MARKETING_VERSION = 1.0;
				PRODUCT_BUNDLE_IDENTIFIER = "at.orf.Sensic-Bitmovin-Cocoapods-Example";
				PRODUCT_NAME = "$(TARGET_NAME)";
				SWIFT_EMIT_LOC_STRINGS = YES;
				SWIFT_VERSION = 5.0;
				TARGETED_DEVICE_FAMILY = "1,2";
			};
			name = Release;
		};
/* End XCBuildConfiguration section */

/* Begin XCConfigurationList section */
		B392CC2D2C3C060E004A157A /* Build configuration list for PBXProject "Sensic-Bitmovin-Cocoapods-Example" */ = {
			isa = XCConfigurationList;
			buildConfigurations = (
				B392CC442C3C060F004A157A /* Debug */,
				B392CC452C3C060F004A157A /* Release */,
			);
			defaultConfigurationIsVisible = 0;
			defaultConfigurationName = Release;
		};
		B392CC462C3C060F004A157A /* Build configuration list for PBXNativeTarget "Sensic-Bitmovin-Cocoapods-Example" */ = {
			isa = XCConfigurationList;
			buildConfigurations = (
				B392CC472C3C060F004A157A /* Debug */,
				B392CC482C3C060F004A157A /* Release */,
			);
			defaultConfigurationIsVisible = 0;
			defaultConfigurationName = Release;
		};
/* End XCConfigurationList section */
	};
	rootObject = B392CC2A2C3C060E004A157A /* Project object */;
}
